github.com/krngla/simpc v0.1.3 h1:jW02y+acfybuk3L9Efprm4j47EWqrinITBRo2t4n2CU=
github.com/krngla/simpc v0.1.3/go.mod h1:GA0PE0mEaLUGoYgHngg6S13jzJtoTRX2gRVjQUaBDhM=
github.com/krngla/simpc v0.1.4-0.20230124153111-5cc65c2cd2b5 h1:Che4fgiOzosROxAsgRGMJiYwi1P0jELr3G3KAAVKJPQ=
github.com/krngla/simpc v0.1.4-0.20230124153111-5cc65c2cd2b5/go.mod h1:GA0PE0mEaLUGoYgHngg6S13jzJtoTRX2gRVjQUaBDhM=
github.com/krngla/tmpfiler v0.1.1 h1:b49epqDQWOTeFxJXAmnmYzmVaybINxn9QCw8QxSGJ6c=
github.com/krngla/tmpfiler v0.1.1/go.mod h1:nKMYd4q0McGeEDOQRWPMzstHQ8nvYs8qorutl/mDZF4=
